
Microsoft Visual Studio Solution File, Format Version 12.00
# Visual Studio Version 16
VisualStudioVersion = 16.0.31129.286
MinimumVisualStudioVersion = 10.0.40219.1
Project("{FAE04EC0-301F-11D3-BF4B-00C04F79EFBC}") = "NoteKeeper.UWP", "NoteKeeper\NoteKeeper.UWP\NoteKeeper.UWP.csproj", "{46CAA0BB-4705-4757-99F6-AE257944D0ED}"
EndProject
Project("{FAE04EC0-301F-11D3-BF4B-00C04F79EFBC}") = "NoteKeeper.Android", "NoteKeeper\NoteKeeper.Android\NoteKeeper.Android.csproj", "{CC64755E-983A-48CA-813C-3BEBB4A0E09F}"
EndProject
Project("{FAE04EC0-301F-11D3-BF4B-00C04F79EFBC}") = "NoteKeeper.iOS", "NoteKeeper\NoteKeeper.iOS\NoteKeeper.iOS.csproj", "{BE05120A-BACF-42FB-8AE0-0DE55A370C84}"
EndProject
Project("{FAE04EC0-301F-11D3-BF4B-00C04F79EFBC}") = "NoteKeeper", "NoteKeeper\NoteKeeper\NoteKeeper.csproj", "{8EF9DBEC-3F24-4AC3-ADD4-BDBC6010A24B}"
EndProject
Global
	GlobalSection(SolutionConfigurationPlatforms) = preSolution
		Debug|Any CPU = Debug|Any CPU
		Debug|ARM = Debug|ARM
		Debug|iPhone = Debug|iPhone
		Debug|iPhoneSimulator = Debug|iPhoneSimulator
		Debug|x64 = Debug|x64
		Debug|x86 = Debug|x86
		Release|Any CPU = Release|Any CPU
		Release|ARM = Release|ARM
		Release|iPhone = Release|iPhone
		Release|iPhoneSimulator = Release|iPhoneSimulator
		Release|x64 = Release|x64
		Release|x86 = Release|x86
	EndGlobalSection
	GlobalSection(ProjectConfigurationPlatforms) = postSolution
		{46CAA0BB-4705-4757-99F6-AE257944D0ED}.Debug|Any CPU.ActiveCfg = Debug|x86
		{46CAA0BB-4705-4757-99F6-AE257944D0ED}.Debug|Any CPU.Build.0 = Debug|x86
		{46CAA0BB-4705-4757-99F6-AE257944D0ED}.Debug|Any CPU.Deploy.0 = Debug|x86
		{46CAA0BB-4705-4757-99F6-AE257944D0ED}.Debug|ARM.ActiveCfg = Debug|ARM
		{46CAA0BB-4705-4757-99F6-AE257944D0ED}.Debug|ARM.Build.0 = Debug|ARM
		{46CAA0BB-4705-4757-99F6-AE257944D0ED}.Debug|ARM.Deploy.0 = Debug|ARM
		{46CAA0BB-4705-4757-99F6-AE257944D0ED}.Debug|iPhone.ActiveCfg = Debug|x86
		{46CAA0BB-4705-4757-99F6-AE257944D0ED}.Debug|iPhone.Build.0 = Debug|x86
		{46CAA0BB-4705-4757-99F6-AE257944D0ED}.Debug|iPhone.Deploy.0 = Debug|x86
		{46CAA0BB-4705-4757-99F6-AE257944D0ED}.Debug|iPhoneSimulator.ActiveCfg = Debug|x86
		{46CAA0BB-4705-4757-99F6-AE257944D0ED}.Debug|iPhoneSimulator.Build.0 = Debug|x86
		{46CAA0BB-4705-4757-99F6-AE257944D0ED}.Debug|iPhoneSimulator.Deploy.0 = Debug|x86
		{46CAA0BB-4705-4757-99F6-AE257944D0ED}.Debug|x64.ActiveCfg = Debug|x64
		{46CAA0BB-4705-4757-99F6-AE257944D0ED}.Debug|x64.Build.0 = Debug|x64
		{46CAA0BB-4705-4757-99F6-AE257944D0ED}.Debug|x64.Deploy.0 = Debug|x64
		{46CAA0BB-4705-4757-99F6-AE257944D0ED}.Debug|x86.ActiveCfg = Debug|x86
		{46CAA0BB-4705-4757-99F6-AE257944D0ED}.Debug|x86.Build.0 = Debug|x86
		{46CAA0BB-4705-4757-99F6-AE257944D0ED}.Debug|x86.Deploy.0 = Debug|x86
		{46CAA0BB-4705-4757-99F6-AE257944D0ED}.Release|Any CPU.ActiveCfg = Release|x86
		{46CAA0BB-4705-4757-99F6-AE257944D0ED}.Release|Any CPU.Build.0 = Release|x86
		{46CAA0BB-4705-4757-99F6-AE257944D0ED}.Release|Any CPU.Deploy.0 = Release|x86
		{46CAA0BB-4705-4757-99F6-AE257944D0ED}.Release|ARM.ActiveCfg = Release|ARM
		{46CAA0BB-4705-4757-99F6-AE257944D0ED}.Release|ARM.Build.0 = Release|ARM
		{46CAA0BB-4705-4757-99F6-AE257944D0ED}.Release|ARM.Deploy.0 = Release|ARM
		{46CAA0BB-4705-4757-99F6-AE257944D0ED}.Release|iPhone.ActiveCfg = Release|x86
		{46CAA0BB-4705-4757-99F6-AE257944D0ED}.Release|iPhone.Build.0 = Release|x86
		{46CAA0BB-4705-4757-99F6-AE257944D0ED}.Release|iPhone.Deploy.0 = Release|x86
		{46CAA0BB-4705-4757-99F6-AE257944D0ED}.Release|iPhoneSimulator.ActiveCfg = Release|x86
		{46CAA0BB-4705-4757-99F6-AE257944D0ED}.Release|iPhoneSimulator.Build.0 = Release|x86
		{46CAA0BB-4705-4757-99F6-AE257944D0ED}.Release|iPhoneSimulator.Deploy.0 = Release|x86
		{46CAA0BB-4705-4757-99F6-AE257944D0ED}.Release|x64.ActiveCfg = Release|x64
		{46CAA0BB-4705-4757-99F6-AE257944D0ED}.Release|x64.Build.0 = Release|x64
		{46CAA0BB-4705-4757-99F6-AE257944D0ED}.Release|x64.Deploy.0 = Release|x64
		{46CAA0BB-4705-4757-99F6-AE257944D0ED}.Release|x86.ActiveCfg = Release|x86
		{46CAA0BB-4705-4757-99F6-AE257944D0ED}.Release|x86.Build.0 = Release|x86
		{46CAA0BB-4705-4757-99F6-AE257944D0ED}.Release|x86.Deploy.0 = Release|x86
		{CC64755E-983A-48CA-813C-3BEBB4A0E09F}.Debug|Any CPU.ActiveCfg = Debug|Any CPU
		{CC64755E-983A-48CA-813C-3BEBB4A0E09F}.Debug|Any CPU.Build.0 = Debug|Any CPU
		{CC64755E-983A-48CA-813C-3BEBB4A0E09F}.Debug|Any CPU.Deploy.0 = Debug|Any CPU
		{CC64755E-983A-48CA-813C-3BEBB4A0E09F}.Debug|ARM.ActiveCfg = Debug|Any CPU
		{CC64755E-983A-48CA-813C-3BEBB4A0E09F}.Debug|ARM.Build.0 = Debug|Any CPU
		{CC64755E-983A-48CA-813C-3BEBB4A0E09F}.Debug|ARM.Deploy.0 = Debug|Any CPU
		{CC64755E-983A-48CA-813C-3BEBB4A0E09F}.Debug|iPhone.ActiveCfg = Debug|Any CPU
		{CC64755E-983A-48CA-813C-3BEBB4A0E09F}.Debug|iPhone.Build.0 = Debug|Any CPU
		{CC64755E-983A-48CA-813C-3BEBB4A0E09F}.Debug|iPhone.Deploy.0 = Debug|Any CPU
		{CC64755E-983A-48CA-813C-3BEBB4A0E09F}.Debug|iPhoneSimulator.ActiveCfg = Debug|Any CPU
		{CC64755E-983A-48CA-813C-3BEBB4A0E09F}.Debug|iPhoneSimulator.Build.0 = Debug|Any CPU
		{CC64755E-983A-48CA-813C-3BEBB4A0E09F}.Debug|iPhoneSimulator.Deploy.0 = Debug|Any CPU
		{CC64755E-983A-48CA-813C-3BEBB4A0E09F}.Debug|x64.ActiveCfg = Debug|Any CPU
		{CC64755E-983A-48CA-813C-3BEBB4A0E09F}.Debug|x64.Build.0 = Debug|Any CPU
		{CC64755E-983A-48CA-813C-3BEBB4A0E09F}.Debug|x64.Deploy.0 = Debug|Any CPU
		{CC64755E-983A-48CA-813C-3BEBB4A0E09F}.Debug|x86.ActiveCfg = Debug|Any CPU
		{CC64755E-983A-48CA-813C-3BEBB4A0E09F}.Debug|x86.Build.0 = Debug|Any CPU
		{CC64755E-983A-48CA-813C-3BEBB4A0E09F}.Debug|x86.Deploy.0 = Debug|Any CPU
		{CC64755E-983A-48CA-813C-3BEBB4A0E09F}.Release|Any CPU.ActiveCfg = Release|Any CPU
		{CC64755E-983A-48CA-813C-3BEBB4A0E09F}.Release|Any CPU.Build.0 = Release|Any CPU
		{CC64755E-983A-48CA-813C-3BEBB4A0E09F}.Release|Any CPU.Deploy.0 = Release|Any CPU
		{CC64755E-983A-48CA-813C-3BEBB4A0E09F}.Release|ARM.ActiveCfg = Release|Any CPU
		{CC64755E-983A-48CA-813C-3BEBB4A0E09F}.Release|ARM.Build.0 = Release|Any CPU
		{CC64755E-983A-48CA-813C-3BEBB4A0E09F}.Release|ARM.Deploy.0 = Release|Any CPU
		{CC64755E-983A-48CA-813C-3BEBB4A0E09F}.Release|iPhone.ActiveCfg = Release|Any CPU
		{CC64755E-983A-48CA-813C-3BEBB4A0E09F}.Release|iPhone.Build.0 = Release|Any CPU
		{CC64755E-983A-48CA-813C-3BEBB4A0E09F}.Release|iPhone.Deploy.0 = Release|Any CPU
		{CC64755E-983A-48CA-813C-3BEBB4A0E09F}.Release|iPhoneSimulator.ActiveCfg = Release|Any CPU
		{CC64755E-983A-48CA-813C-3BEBB4A0E09F}.Release|iPhoneSimulator.Build.0 = Release|Any CPU
		{CC64755E-983A-48CA-813C-3BEBB4A0E09F}.Release|iPhoneSimulator.Deploy.0 = Release|Any CPU
		{CC64755E-983A-48CA-813C-3BEBB4A0E09F}.Release|x64.ActiveCfg = Release|Any CPU
		{CC64755E-983A-48CA-813C-3BEBB4A0E09F}.Release|x64.Build.0 = Release|Any CPU
		{CC64755E-983A-48CA-813C-3BEBB4A0E09F}.Release|x64.Deploy.0 = Release|Any CPU
		{CC64755E-983A-48CA-813C-3BEBB4A0E09F}.Release|x86.ActiveCfg = Release|Any CPU
		{CC64755E-983A-48CA-813C-3BEBB4A0E09F}.Release|x86.Build.0 = Release|Any CPU
		{CC64755E-983A-48CA-813C-3BEBB4A0E09F}.Release|x86.Deploy.0 = Release|Any CPU
		{BE05120A-BACF-42FB-8AE0-0DE55A370C84}.Debug|Any CPU.ActiveCfg = Debug|iPhoneSimulator
		{BE05120A-BACF-42FB-8AE0-0DE55A370C84}.Debug|Any CPU.Build.0 = Debug|iPhoneSimulator
		{BE05120A-BACF-42FB-8AE0-0DE55A370C84}.Debug|Any CPU.Deploy.0 = Debug|iPhoneSimulator
		{BE05120A-BACF-42FB-8AE0-0DE55A370C84}.Debug|ARM.ActiveCfg = Debug|iPhone
		{BE05120A-BACF-42FB-8AE0-0DE55A370C84}.Debug|ARM.Build.0 = Debug|iPhone
		{BE05120A-BACF-42FB-8AE0-0DE55A370C84}.Debug|ARM.Deploy.0 = Debug|iPhone
		{BE05120A-BACF-42FB-8AE0-0DE55A370C84}.Debug|iPhone.ActiveCfg = Debug|iPhone
		{BE05120A-BACF-42FB-8AE0-0DE55A370C84}.Debug|iPhone.Build.0 = Debug|iPhone
		{BE05120A-BACF-42FB-8AE0-0DE55A370C84}.Debug|iPhone.Deploy.0 = Debug|iPhone
		{BE05120A-BACF-42FB-8AE0-0DE55A370C84}.Debug|iPhoneSimulator.ActiveCfg = Debug|iPhoneSimulator
		{BE05120A-BACF-42FB-8AE0-0DE55A370C84}.Debug|iPhoneSimulator.Build.0 = Debug|iPhoneSimulator
		{BE05120A-BACF-42FB-8AE0-0DE55A370C84}.Debug|iPhoneSimulator.Deploy.0 = Debug|iPhoneSimulator
		{BE05120A-BACF-42FB-8AE0-0DE55A370C84}.Debug|x64.ActiveCfg = Debug|iPhoneSimulator
		{BE05120A-BACF-42FB-8AE0-0DE55A370C84}.Debug|x64.Build.0 = Debug|iPhoneSimulator
		{BE05120A-BACF-42FB-8AE0-0DE55A370C84}.Debug|x64.Deploy.0 = Debug|iPhoneSimulator
		{BE05120A-BACF-42FB-8AE0-0DE55A370C84}.Debug|x86.ActiveCfg = Debug|iPhoneSimulator
		{BE05120A-BACF-42FB-8AE0-0DE55A370C84}.Debug|x86.Build.0 = Debug|iPhoneSimulator
		{BE05120A-BACF-42FB-8AE0-0DE55A370C84}.Debug|x86.Deploy.0 = Debug|iPhoneSimulator
		{BE05120A-BACF-42FB-8AE0-0DE55A370C84}.Release|Any CPU.ActiveCfg = Release|iPhoneSimulator
		{BE05120A-BACF-42FB-8AE0-0DE55A370C84}.Release|Any CPU.Build.0 = Release|iPhoneSimulator
		{BE05120A-BACF-42FB-8AE0-0DE55A370C84}.Release|Any CPU.Deploy.0 = Release|iPhoneSimulator
		{BE05120A-BACF-42FB-8AE0-0DE55A370C84}.Release|ARM.ActiveCfg = Release|iPhoneSimulator
		{BE05120A-BACF-42FB-8AE0-0DE55A370C84}.Release|ARM.Build.0 = Release|iPhoneSimulator
		{BE05120A-BACF-42FB-8AE0-0DE55A370C84}.Release|ARM.Deploy.0 = Release|iPhoneSimulator
		{BE05120A-BACF-42FB-8AE0-0DE55A370C84}.Release|iPhone.ActiveCfg = Release|iPhone
		{BE05120A-BACF-42FB-8AE0-0DE55A370C84}.Release|iPhone.Build.0 = Release|iPhone
		{BE05120A-BACF-42FB-8AE0-0DE55A370C84}.Release|iPhone.Deploy.0 = Release|iPhone
		{BE05120A-BACF-42FB-8AE0-0DE55A370C84}.Release|iPhoneSimulator.ActiveCfg = Release|iPhoneSimulator
		{BE05120A-BACF-42FB-8AE0-0DE55A370C84}.Release|iPhoneSimulator.Build.0 = Release|iPhoneSimulator
		{BE05120A-BACF-42FB-8AE0-0DE55A370C84}.Release|iPhoneSimulator.Deploy.0 = Release|iPhoneSimulator
		{BE05120A-BACF-42FB-8AE0-0DE55A370C84}.Release|x64.ActiveCfg = Release|iPhoneSimulator
		{BE05120A-BACF-42FB-8AE0-0DE55A370C84}.Release|x64.Build.0 = Release|iPhoneSimulator
		{BE05120A-BACF-42FB-8AE0-0DE55A370C84}.Release|x64.Deploy.0 = Release|iPhoneSimulator
		{BE05120A-BACF-42FB-8AE0-0DE55A370C84}.Release|x86.ActiveCfg = Release|iPhoneSimulator
		{BE05120A-BACF-42FB-8AE0-0DE55A370C84}.Release|x86.Build.0 = Release|iPhoneSimulator
		{BE05120A-BACF-42FB-8AE0-0DE55A370C84}.Release|x86.Deploy.0 = Release|iPhoneSimulator
		{8EF9DBEC-3F24-4AC3-ADD4-BDBC6010A24B}.Debug|Any CPU.ActiveCfg = Debug|Any CPU
		{8EF9DBEC-3F24-4AC3-ADD4-BDBC6010A24B}.Debug|Any CPU.Build.0 = Debug|Any CPU
		{8EF9DBEC-3F24-4AC3-ADD4-BDBC6010A24B}.Debug|Any CPU.Deploy.0 = Debug|Any CPU
		{8EF9DBEC-3F24-4AC3-ADD4-BDBC6010A24B}.Debug|ARM.ActiveCfg = Debug|Any CPU
		{8EF9DBEC-3F24-4AC3-ADD4-BDBC6010A24B}.Debug|ARM.Build.0 = Debug|Any CPU
		{8EF9DBEC-3F24-4AC3-ADD4-BDBC6010A24B}.Debug|ARM.Deploy.0 = Debug|Any CPU
		{8EF9DBEC-3F24-4AC3-ADD4-BDBC6010A24B}.Debug|iPhone.ActiveCfg = Debug|Any CPU
		{8EF9DBEC-3F24-4AC3-ADD4-BDBC6010A24B}.Debug|iPhone.Build.0 = Debug|Any CPU
		{8EF9DBEC-3F24-4AC3-ADD4-BDBC6010A24B}.Debug|iPhone.Deploy.0 = Debug|Any CPU
		{8EF9DBEC-3F24-4AC3-ADD4-BDBC6010A24B}.Debug|iPhoneSimulator.ActiveCfg = Debug|Any CPU
		{8EF9DBEC-3F24-4AC3-ADD4-BDBC6010A24B}.Debug|iPhoneSimulator.Build.0 = Debug|Any CPU
		{8EF9DBEC-3F24-4AC3-ADD4-BDBC6010A24B}.Debug|iPhoneSimulator.Deploy.0 = Debug|Any CPU
		{8EF9DBEC-3F24-4AC3-ADD4-BDBC6010A24B}.Debug|x64.ActiveCfg = Debug|Any CPU
		{8EF9DBEC-3F24-4AC3-ADD4-BDBC6010A24B}.Debug|x64.Build.0 = Debug|Any CPU
		{8EF9DBEC-3F24-4AC3-ADD4-BDBC6010A24B}.Debug|x64.Deploy.0 = Debug|Any CPU
		{8EF9DBEC-3F24-4AC3-ADD4-BDBC6010A24B}.Debug|x86.ActiveCfg = Debug|Any CPU
		{8EF9DBEC-3F24-4AC3-ADD4-BDBC6010A24B}.Debug|x86.Build.0 = Debug|Any CPU
		{8EF9DBEC-3F24-4AC3-ADD4-BDBC6010A24B}.Debug|x86.Deploy.0 = Debug|Any CPU
		{8EF9DBEC-3F24-4AC3-ADD4-BDBC6010A24B}.Release|Any CPU.ActiveCfg = Release|Any CPU
		{8EF9DBEC-3F24-4AC3-ADD4-BDBC6010A24B}.Release|Any CPU.Build.0 = Release|Any CPU
		{8EF9DBEC-3F24-4AC3-ADD4-BDBC6010A24B}.Release|Any CPU.Deploy.0 = Release|Any CPU
		{8EF9DBEC-3F24-4AC3-ADD4-BDBC6010A24B}.Release|ARM.ActiveCfg = Release|Any CPU
		{8EF9DBEC-3F24-4AC3-ADD4-BDBC6010A24B}.Release|ARM.Build.0 = Release|Any CPU
		{8EF9DBEC-3F24-4AC3-ADD4-BDBC6010A24B}.Release|ARM.Deploy.0 = Release|Any CPU
		{8EF9DBEC-3F24-4AC3-ADD4-BDBC6010A24B}.Release|iPhone.ActiveCfg = Release|Any CPU
		{8EF9DBEC-3F24-4AC3-ADD4-BDBC6010A24B}.Release|iPhone.Build.0 = Release|Any CPU
		{8EF9DBEC-3F24-4AC3-ADD4-BDBC6010A24B}.Release|iPhone.Deploy.0 = Release|Any CPU
		{8EF9DBEC-3F24-4AC3-ADD4-BDBC6010A24B}.Release|iPhoneSimulator.ActiveCfg = Release|Any CPU
		{8EF9DBEC-3F24-4AC3-ADD4-BDBC6010A24B}.Release|iPhoneSimulator.Build.0 = Release|Any CPU
		{8EF9DBEC-3F24-4AC3-ADD4-BDBC6010A24B}.Release|iPhoneSimulator.Deploy.0 = Release|Any CPU
		{8EF9DBEC-3F24-4AC3-ADD4-BDBC6010A24B}.Release|x64.ActiveCfg = Release|Any CPU
		{8EF9DBEC-3F24-4AC3-ADD4-BDBC6010A24B}.Release|x64.Build.0 = Release|Any CPU
		{8EF9DBEC-3F24-4AC3-ADD4-BDBC6010A24B}.Release|x64.Deploy.0 = Release|Any CPU
		{8EF9DBEC-3F24-4AC3-ADD4-BDBC6010A24B}.Release|x86.ActiveCfg = Release|Any CPU
		{8EF9DBEC-3F24-4AC3-ADD4-BDBC6010A24B}.Release|x86.Build.0 = Release|Any CPU
		{8EF9DBEC-3F24-4AC3-ADD4-BDBC6010A24B}.Release|x86.Deploy.0 = Release|Any CPU
	EndGlobalSection
	GlobalSection(SolutionProperties) = preSolution
		HideSolutionNode = FALSE
	EndGlobalSection
	GlobalSection(ExtensibilityGlobals) = postSolution
		SolutionGuid = {0CD8B6AE-5428-40A7-AB38-68F8ADE9C349}
	EndGlobalSection
EndGlobal
